{
  "name": "@bull-board/api",
  "version": "4.2.2",
  "lockfileVersion": 1,
  "requires": true,
  "dependencies": {
    "@ioredis/commands": {
      "version": "1.2.0",
      "resolved": "https://registry.npmjs.org/@ioredis/commands/-/commands-1.2.0.tgz",
      "integrity": "sha512-Sx1pU8EM64o2BrqNpEO1CNLtKQwyhuXuqyfH7oGKCk+1a33d2r5saW8zNwm3j6BTExtjrv2BxTgzzkMwts6vGg==",
      "dev": true
    },
    "@msgpackr-extract/msgpackr-extract-darwin-arm64": {
      "version": "2.1.2",
      "resolved": "https://registry.npmjs.org/@msgpackr-extract/msgpackr-extract-darwin-arm64/-/msgpackr-extract-darwin-arm64-2.1.2.tgz",
      "integrity": "sha512-TyVLn3S/+ikMDsh0gbKv2YydKClN8HaJDDpONlaZR+LVJmsxLFUgA+O7zu59h9+f9gX1aj/ahw9wqa6rosmrYQ==",
      "dev": true,
      "optional": true
    },
    "@msgpackr-extract/msgpackr-extract-darwin-x64": {
      "version": "2.1.2",
      "resolved": "https://registry.npmjs.org/@msgpackr-extract/msgpackr-extract-darwin-x64/-/msgpackr-extract-darwin-x64-2.1.2.tgz",
      "integrity": "sha512-YPXtcVkhmVNoMGlqp81ZHW4dMxK09msWgnxtsDpSiZwTzUBG2N+No2bsr7WMtBKCVJMSD6mbAl7YhKUqkp/Few==",
      "dev": true,
      "optional": true
    },
    "@msgpackr-extract/msgpackr-extract-linux-arm": {
      "version": "2.1.2",
      "resolved": "https://registry.npmjs.org/@msgpackr-extract/msgpackr-extract-linux-arm/-/msgpackr-extract-linux-arm-2.1.2.tgz",
      "integrity": "sha512-42R4MAFeIeNn+L98qwxAt360bwzX2Kf0ZQkBBucJ2Ircza3asoY4CDbgiu9VWklq8gWJVSJSJBwDI+c/THiWkA==",
      "dev": true,
      "optional": true
    },
    "@msgpackr-extract/msgpackr-extract-linux-arm64": {
      "version": "2.1.2",
      "resolved": "https://registry.npmjs.org/@msgpackr-extract/msgpackr-extract-linux-arm64/-/msgpackr-extract-linux-arm64-2.1.2.tgz",
      "integrity": "sha512-vHZ2JiOWF2+DN9lzltGbhtQNzDo8fKFGrf37UJrgqxU0yvtERrzUugnfnX1wmVfFhSsF8OxrfqiNOUc5hko1Zg==",
      "dev": true,
      "optional": true
    },
    "@msgpackr-extract/msgpackr-extract-linux-x64": {
      "version": "2.1.2",
      "resolved": "https://registry.npmjs.org/@msgpackr-extract/msgpackr-extract-linux-x64/-/msgpackr-extract-linux-x64-2.1.2.tgz",
      "integrity": "sha512-RjRoRxg7Q3kPAdUSC5EUUPlwfMkIVhmaRTIe+cqHbKrGZ4M6TyCA/b5qMaukQ/1CHWrqYY2FbKOAU8Hg0pQFzg==",
      "dev": true,
      "optional": true
    },
    "@msgpackr-extract/msgpackr-extract-win32-x64": {
      "version": "2.1.2",
      "resolved": "https://registry.npmjs.org/@msgpackr-extract/msgpackr-extract-win32-x64/-/msgpackr-extract-win32-x64-2.1.2.tgz",
      "integrity": "sha512-rIZVR48zA8hGkHIK7ED6+ZiXsjRCcAVBJbm8o89OKAMTmEAQ2QvoOxoiu3w2isAaWwzgtQIOFIqHwvZDyLKCvw==",
      "dev": true,
      "optional": true
    },
    "@types/bull": {
      "version": "3.15.9",
      "resolved": "https://registry.npmjs.org/@types/bull/-/bull-3.15.9.tgz",
      "integrity": "sha512-MPUcyPPQauAmynoO3ezHAmCOhbB0pWmYyijr/5ctaCqhbKWsjW0YCod38ZcLzUBprosfZ9dPqfYIcfdKjk7RNQ==",
      "dev": true,
      "requires": {
        "@types/ioredis": "*",
        "@types/redis": "^2.8.0"
      }
    },
    "@types/ioredis": {
      "version": "4.28.10",
      "resolved": "https://registry.npmjs.org/@types/ioredis/-/ioredis-4.28.10.tgz",
      "integrity": "sha512-69LyhUgrXdgcNDv7ogs1qXZomnfOEnSmrmMFqKgt1XMJxmoOSG/u3wYy13yACIfKuMJ8IhKgHafDO3sx19zVQQ==",
      "dev": true,
      "requires": {
        "@types/node": "*"
      }
    },
    "@types/node": {
      "version": "17.0.45",
      "resolved": "https://registry.npmjs.org/@types/node/-/node-17.0.45.tgz",
      "integrity": "sha512-w+tIMs3rq2afQdsPJlODhoUEKzFP1ayaoyl1CcnwtIlsVe7K7bA1NGm4s3PraqTLlXnbIN84zuBlxBWo1u9BLw==",
      "dev": true
    },
    "@types/redis": {
      "version": "2.8.32",
      "resolved": "https://registry.npmjs.org/@types/redis/-/redis-2.8.32.tgz",
      "integrity": "sha512-7jkMKxcGq9p242exlbsVzuJb57KqHRhNl4dHoQu2Y5v9bCAbtIXXH0R3HleSQW4CTOqpHIYUW3t6tpUj4BVQ+w==",
      "dev": true,
      "requires": {
        "@types/node": "*"
      }
    },
    "balanced-match": {
      "version": "1.0.2",
      "resolved": "https://registry.npmjs.org/balanced-match/-/balanced-match-1.0.2.tgz",
      "integrity": "sha512-3oSeUO0TMV67hN1AmbXsK4yaqU7tjiHlbxRDZOpH0KW9+CeX4bRAaX0Anxt0tx2MrpRpWwQaPwIlISEJhYU5Pw==",
      "dev": true
    },
    "brace-expansion": {
      "version": "2.0.1",
      "resolved": "https://registry.npmjs.org/brace-expansion/-/brace-expansion-2.0.1.tgz",
      "integrity": "sha512-XnAIvQ8eM+kC6aULx6wuQiwVsnzsi9d3WxzV3FpWTGA19F621kwdbsAcFKXgKUHZWsy+mY6iL1sHTxWEFCytDA==",
      "dev": true,
      "requires": {
        "balanced-match": "^1.0.0"
      }
    },
    "bullmq": {
      "version": "1.91.1",
      "resolved": "https://registry.npmjs.org/bullmq/-/bullmq-1.91.1.tgz",
      "integrity": "sha512-u7dat9I8ZwouZ651AMZkBSvB6NVUPpnAjd4iokd9DM41whqIBnDjuL11h7+kEjcpiDKj6E+wxZiER00FqirZQg==",
      "dev": true,
      "requires": {
        "cron-parser": "^4.6.0",
        "get-port": "6.1.2",
        "glob": "^8.0.3",
        "ioredis": "^5.2.2",
        "lodash": "^4.17.21",
        "msgpackr": "^1.6.2",
        "semver": "^7.3.7",
        "tslib": "^2.0.0",
        "uuid": "^9.0.0"
      }
    },
    "cluster-key-slot": {
      "version": "1.1.1",
      "resolved": "https://registry.npmjs.org/cluster-key-slot/-/cluster-key-slot-1.1.1.tgz",
      "integrity": "sha512-rwHwUfXL40Chm1r08yrhU3qpUvdVlgkKNeyeGPOxnW8/SyVDvgRaed/Uz54AqWNaTCAThlj6QAs3TZcKI0xDEw==",
      "dev": true
    },
    "cron-parser": {
      "version": "4.6.0",
      "resolved": "https://registry.npmjs.org/cron-parser/-/cron-parser-4.6.0.tgz",
      "integrity": "sha512-guZNLMGUgg6z4+eGhmHGw7ft+v6OQeuHzd1gcLxCo9Yg/qoxmG3nindp2/uwGCLizEisf2H0ptqeVXeoCpP6FA==",
      "dev": true,
      "requires": {
        "luxon": "^3.0.1"
      }
    },
    "debug": {
      "version": "4.3.4",
      "resolved": "https://registry.npmjs.org/debug/-/debug-4.3.4.tgz",
      "integrity": "sha512-PRWFHuSU3eDtQJPvnNY7Jcket1j0t5OuOsFzPPzsekD52Zl8qUfFIPEiswXqIvHWGVHOgX+7G/vCNNhehwxfkQ==",
      "dev": true,
      "requires": {
        "ms": "2.1.2"
      }
    },
    "denque": {
      "version": "2.1.0",
      "resolved": "https://registry.npmjs.org/denque/-/denque-2.1.0.tgz",
      "integrity": "sha512-HVQE3AAb/pxF8fQAoiqpvg9i3evqug3hoiwakOyZAwJm+6vZehbkYXZ0l4JxS+I3QxM97v5aaRNhj8v5oBhekw==",
      "dev": true
    },
    "fengari": {
      "version": "0.1.4",
      "resolved": "https://registry.npmjs.org/fengari/-/fengari-0.1.4.tgz",
      "integrity": "sha512-6ujqUuiIYmcgkGz8MGAdERU57EIluGGPSUgGPTsco657EHa+srq0S3/YUl/r9kx1+D+d4rGfYObd+m8K22gB1g==",
      "dev": true,
      "requires": {
        "readline-sync": "^1.4.9",
        "sprintf-js": "^1.1.1",
        "tmp": "^0.0.33"
      }
    },
    "fengari-interop": {
      "version": "0.1.3",
      "resolved": "https://registry.npmjs.org/fengari-interop/-/fengari-interop-0.1.3.tgz",
      "integrity": "sha512-EtZ+oTu3kEwVJnoymFPBVLIbQcCoy9uWCVnMA6h3M/RqHkUBsLYp29+RRHf9rKr6GwjubWREU1O7RretFIXjHw==",
      "dev": true
    },
    "fs.realpath": {
      "version": "1.0.0",
      "resolved": "https://registry.npmjs.org/fs.realpath/-/fs.realpath-1.0.0.tgz",
      "integrity": "sha512-OO0pH2lK6a0hZnAdau5ItzHPI6pUlvI7jMVnxUQRtw4owF2wk8lOSabtGDCTP4Ggrg2MbGnWO9X8K1t4+fGMDw==",
      "dev": true
    },
    "get-port": {
      "version": "6.1.2",
      "resolved": "https://registry.npmjs.org/get-port/-/get-port-6.1.2.tgz",
      "integrity": "sha512-BrGGraKm2uPqurfGVj/z97/zv8dPleC6x9JBNRTrDNtCkkRF4rPwrQXFgL7+I+q8QSdU4ntLQX2D7KIxSy8nGw==",
      "dev": true
    },
    "glob": {
      "version": "8.0.3",
      "resolved": "https://registry.npmjs.org/glob/-/glob-8.0.3.tgz",
      "integrity": "sha512-ull455NHSHI/Y1FqGaaYFaLGkNMMJbavMrEGFXG/PGrg6y7sutWHUHrz6gy6WEBH6akM1M414dWKCNs+IhKdiQ==",
      "dev": true,
      "requires": {
        "fs.realpath": "^1.0.0",
        "inflight": "^1.0.4",
        "inherits": "2",
        "minimatch": "^5.0.1",
        "once": "^1.3.0"
      }
    },
    "inflight": {
      "version": "1.0.6",
      "resolved": "https://registry.npmjs.org/inflight/-/inflight-1.0.6.tgz",
      "integrity": "sha512-k92I/b08q4wvFscXCLvqfsHCrjrF7yiXsQuIVvVE7N82W3+aqpzuUdBbfhWcy/FZR3/4IgflMgKLOsvPDrGCJA==",
      "dev": true,
      "requires": {
        "once": "^1.3.0",
        "wrappy": "1"
      }
    },
    "inherits": {
      "version": "2.0.4",
      "resolved": "https://registry.npmjs.org/inherits/-/inherits-2.0.4.tgz",
      "integrity": "sha512-k/vGaX4/Yla3WzyMCvTQOXYeIHvqOKtnqBduzTHpzpQZzAskKMhZ2K+EnBiSM9zGSoIFeMpXKxa4dYeZIQqewQ==",
      "dev": true
    },
    "ioredis": {
      "version": "5.2.3",
      "resolved": "https://registry.npmjs.org/ioredis/-/ioredis-5.2.3.tgz",
      "integrity": "sha512-gQNcMF23/NpvjCaa1b5YycUyQJ9rBNH2xP94LWinNpodMWVUPP5Ai/xXANn/SM7gfIvI62B5CCvZxhg5pOgyMw==",
      "dev": true,
      "requires": {
        "@ioredis/commands": "^1.1.1",
        "cluster-key-slot": "^1.1.0",
        "debug": "^4.3.4",
        "denque": "^2.0.1",
        "lodash.defaults": "^4.2.0",
        "lodash.isarguments": "^3.1.0",
        "redis-errors": "^1.2.0",
        "redis-parser": "^3.0.0",
        "standard-as-callback": "^2.1.0"
      }
    },
    "ioredis-mock": {
      "version": "7.4.0",
      "resolved": "https://registry.npmjs.org/ioredis-mock/-/ioredis-mock-7.4.0.tgz",
      "integrity": "sha512-jcNG+9YjjBA1p6Hb1nYaC1yhW+n9S5VOgbGZXt59ZmtI2WrPWH+lSD4gE017uaGitPqW7tquFdAfcBPvFEQbew==",
      "dev": true,
      "requires": {
        "fengari": "^0.1.4",
        "fengari-interop": "^0.1.3",
        "redis-commands": "^1.7.0",
        "standard-as-callback": "^2.1.0"
      }
    },
    "lodash": {
      "version": "4.17.21",
      "resolved": "https://registry.npmjs.org/lodash/-/lodash-4.17.21.tgz",
      "integrity": "sha512-v2kDEe57lecTulaDIuNTPy3Ry4gLGJ6Z1O3vE1krgXZNrsQ+LFTGHVxVjcXPs17LhbZVGedAJv8XZ1tvj5FvSg=="
    },
    "lodash.defaults": {
      "version": "4.2.0",
      "resolved": "https://registry.npmjs.org/lodash.defaults/-/lodash.defaults-4.2.0.tgz",
      "integrity": "sha512-qjxPLHd3r5DnsdGacqOMU6pb/avJzdh9tFX2ymgoZE27BmjXrNy/y4LoaiTeAb+O3gL8AfpJGtqfX/ae2leYYQ==",
      "dev": true
    },
    "lodash.isarguments": {
      "version": "3.1.0",
      "resolved": "https://registry.npmjs.org/lodash.isarguments/-/lodash.isarguments-3.1.0.tgz",
      "integrity": "sha512-chi4NHZlZqZD18a0imDHnZPrDeBbTtVN7GXMwuGdRH9qotxAjYs3aVLKc7zNOG9eddR5Ksd8rvFEBc9SsggPpg==",
      "dev": true
    },
    "lru-cache": {
      "version": "6.0.0",
      "resolved": "https://registry.npmjs.org/lru-cache/-/lru-cache-6.0.0.tgz",
      "integrity": "sha512-Jo6dJ04CmSjuznwJSS3pUeWmd/H0ffTlkXXgwZi+eq1UCmqQwCh+eLsYOYCwY991i2Fah4h1BEMCx4qThGbsiA==",
      "dev": true,
      "requires": {
        "yallist": "^4.0.0"
      }
    },
    "luxon": {
      "version": "3.0.4",
      "resolved": "https://registry.npmjs.org/luxon/-/luxon-3.0.4.tgz",
      "integrity": "sha512-aV48rGUwP/Vydn8HT+5cdr26YYQiUZ42NM6ToMoaGKwYfWbfLeRkEu1wXWMHBZT6+KyLfcbbtVcoQFCbbPjKlw==",
      "dev": true
    },
    "minimatch": {
      "version": "5.1.0",
      "resolved": "https://registry.npmjs.org/minimatch/-/minimatch-5.1.0.tgz",
      "integrity": "sha512-9TPBGGak4nHfGZsPBohm9AWg6NoT7QTCehS3BIJABslyZbzxfV78QM2Y6+i741OPZIafFAaiiEMh5OyIrJPgtg==",
      "dev": true,
      "requires": {
        "brace-expansion": "^2.0.1"
      }
    },
    "ms": {
      "version": "2.1.2",
      "resolved": "https://registry.npmjs.org/ms/-/ms-2.1.2.tgz",
      "integrity": "sha512-sGkPx+VjMtmA6MX27oA4FBFELFCZZ4S4XqeGOXCv68tT+jb3vk/RyaKWP0PTKyWtmLSM0b+adUTEvbs1PEaH2w==",
      "dev": true
    },
    "msgpackr": {
      "version": "1.7.2",
      "resolved": "https://registry.npmjs.org/msgpackr/-/msgpackr-1.7.2.tgz",
      "integrity": "sha512-mWScyHTtG6TjivXX9vfIy2nBtRupaiAj0HQ2mtmpmYujAmqZmaaEVPaSZ1NKLMvicaMLFzEaMk0ManxMRg8rMQ==",
      "dev": true,
      "requires": {
        "msgpackr-extract": "^2.1.2"
      }
    },
    "msgpackr-extract": {
      "version": "2.1.2",
      "resolved": "https://registry.npmjs.org/msgpackr-extract/-/msgpackr-extract-2.1.2.tgz",
      "integrity": "sha512-cmrmERQFb19NX2JABOGtrKdHMyI6RUyceaPBQ2iRz9GnDkjBWFjNJC0jyyoOfZl2U/LZE3tQCCQc4dlRyA8mcA==",
      "dev": true,
      "optional": true,
      "requires": {
        "@msgpackr-extract/msgpackr-extract-darwin-arm64": "2.1.2",
        "@msgpackr-extract/msgpackr-extract-darwin-x64": "2.1.2",
        "@msgpackr-extract/msgpackr-extract-linux-arm": "2.1.2",
        "@msgpackr-extract/msgpackr-extract-linux-arm64": "2.1.2",
        "@msgpackr-extract/msgpackr-extract-linux-x64": "2.1.2",
        "@msgpackr-extract/msgpackr-extract-win32-x64": "2.1.2",
        "node-gyp-build-optional-packages": "5.0.3"
      }
    },
    "node-gyp-build-optional-packages": {
      "version": "5.0.3",
      "resolved": "https://registry.npmjs.org/node-gyp-build-optional-packages/-/node-gyp-build-optional-packages-5.0.3.tgz",
      "integrity": "sha512-k75jcVzk5wnnc/FMxsf4udAoTEUv2jY3ycfdSd3yWu6Cnd1oee6/CfZJApyscA4FJOmdoixWwiwOyf16RzD5JA==",
      "dev": true,
      "optional": true
    },
    "once": {
      "version": "1.4.0",
      "resolved": "https://registry.npmjs.org/once/-/once-1.4.0.tgz",
      "integrity": "sha512-lNaJgI+2Q5URQBkccEKHTQOPaXdUxnZZElQTZY0MFUAuaEqe1E+Nyvgdz/aIyNi6Z9MzO5dv1H8n58/GELp3+w==",
      "dev": true,
      "requires": {
        "wrappy": "1"
      }
    },
    "os-tmpdir": {
      "version": "1.0.2",
      "resolved": "https://registry.npmjs.org/os-tmpdir/-/os-tmpdir-1.0.2.tgz",
      "integrity": "sha512-D2FR03Vir7FIu45XBY20mTb+/ZSWB00sjU9jdQXt83gDrI4Ztz5Fs7/yy74g2N5SVQY4xY1qDr4rNddwYRVX0g==",
      "dev": true
    },
    "readline-sync": {
      "version": "1.4.10",
      "resolved": "https://registry.npmjs.org/readline-sync/-/readline-sync-1.4.10.tgz",
      "integrity": "sha512-gNva8/6UAe8QYepIQH/jQ2qn91Qj0B9sYjMBBs3QOB8F2CXcKgLxQaJRP76sWVRQt+QU+8fAkCbCvjjMFu7Ycw==",
      "dev": true
    },
    "redis-commands": {
      "version": "1.7.0",
      "resolved": "https://registry.npmjs.org/redis-commands/-/redis-commands-1.7.0.tgz",
      "integrity": "sha512-nJWqw3bTFy21hX/CPKHth6sfhZbdiHP6bTawSgQBlKOVRG7EZkfHbbHwQJnrE4vsQf0CMNE+3gJ4Fmm16vdVlQ==",
      "dev": true
    },
    "redis-errors": {
      "version": "1.2.0",
      "resolved": "https://registry.npmjs.org/redis-errors/-/redis-errors-1.2.0.tgz",
      "integrity": "sha512-1qny3OExCf0UvUV/5wpYKf2YwPcOqXzkwKKSmKHiE6ZMQs5heeE/c8eXK+PNllPvmjgAbfnsbpkGZWy8cBpn9w==",
      "dev": true
    },
    "redis-info": {
      "version": "3.1.0",
      "resolved": "https://registry.npmjs.org/redis-info/-/redis-info-3.1.0.tgz",
      "integrity": "sha512-ER4L9Sh/vm63DkIE0bkSjxluQlioBiBgf5w1UuldaW/3vPcecdljVDisZhmnCMvsxHNiARTTDDHGg9cGwTfrKg==",
      "requires": {
        "lodash": "^4.17.11"
      }
    },
    "redis-mock": {
      "version": "0.56.3",
      "resolved": "https://registry.npmjs.org/redis-mock/-/redis-mock-0.56.3.tgz",
      "integrity": "sha512-ynaJhqk0Qf3Qajnwvy4aOjS4Mdf9IBkELWtjd+NYhpiqu4QCNq6Vf3Q7c++XRPGiKiwRj9HWr0crcwy7EiPjYQ==",
      "dev": true
    },
    "redis-parser": {
      "version": "3.0.0",
      "resolved": "https://registry.npmjs.org/redis-parser/-/redis-parser-3.0.0.tgz",
      "integrity": "sha512-DJnGAeenTdpMEH6uAJRK/uiyEIH9WVsUmoLwzudwGJUwZPp80PDBWPHXSAGNPwNvIXAbe7MSUB1zQFugFml66A==",
      "dev": true,
      "requires": {
        "redis-errors": "^1.0.0"
      }
    },
    "semver": {
      "version": "7.3.8",
      "resolved": "https://registry.npmjs.org/semver/-/semver-7.3.8.tgz",
      "integrity": "sha512-NB1ctGL5rlHrPJtFDVIVzTyQylMLu9N9VICA6HSFJo8MCGVTMW6gfpicwKmmK/dAjTOrqu5l63JJOpDSrAis3A==",
      "dev": true,
      "requires": {
        "lru-cache": "^6.0.0"
      }
    },
    "sprintf-js": {
      "version": "1.1.2",
      "resolved": "https://registry.npmjs.org/sprintf-js/-/sprintf-js-1.1.2.tgz",
      "integrity": "sha512-VE0SOVEHCk7Qc8ulkWw3ntAzXuqf7S2lvwQaDLRnUeIEaKNQJzV6BwmLKhOqT61aGhfUMrXeaBk+oDGCzvhcug==",
      "dev": true
    },
    "standard-as-callback": {
      "version": "2.1.0",
      "resolved": "https://registry.npmjs.org/standard-as-callback/-/standard-as-callback-2.1.0.tgz",
      "integrity": "sha512-qoRRSyROncaz1z0mvYqIE4lCd9p2R90i6GxW3uZv5ucSu8tU7B5HXUP1gG8pVZsYNVaXjk8ClXHPttLyxAL48A==",
      "dev": true
    },
    "tmp": {
      "version": "0.0.33",
      "resolved": "https://registry.npmjs.org/tmp/-/tmp-0.0.33.tgz",
      "integrity": "sha512-jRCJlojKnZ3addtTOjdIqoRuPEKBvNXcGYqzO6zWZX8KfKEpnGY5jfggJQ3EjKuu8D4bJRr0y+cYJFmYbImXGw==",
      "dev": true,
      "requires": {
        "os-tmpdir": "~1.0.2"
      }
    },
    "tslib": {
      "version": "2.4.0",
      "resolved": "https://registry.npmjs.org/tslib/-/tslib-2.4.0.tgz",
      "integrity": "sha512-d6xOpEDfsi2CZVlPQzGeux8XMwLT9hssAsaPYExaQMuYskwb+x1x7J371tWlbBdWHroy99KnVB6qIkUbs5X3UQ==",
      "dev": true
    },
    "uuid": {
      "version": "9.0.0",
      "resolved": "https://registry.npmjs.org/uuid/-/uuid-9.0.0.tgz",
      "integrity": "sha512-MXcSTerfPa4uqyzStbRoTgt5XIe3x5+42+q1sDuy3R5MDk66URdLMOZe5aPX/SQd+kuYAh0FdP/pO28IkQyTeg==",
      "dev": true
    },
    "wrappy": {
      "version": "1.0.2",
      "resolved": "https://registry.npmjs.org/wrappy/-/wrappy-1.0.2.tgz",
      "integrity": "sha512-l4Sp/DRseor9wL6EvV2+TuQn63dMkPjZ/sp9XkghTEbV9KlPS1xUsZ3u7/IQO4wxtcFB4bgpQPRcR3QCvezPcQ==",
      "dev": true
    },
    "yallist": {
      "version": "4.0.0",
      "resolved": "https://registry.npmjs.org/yallist/-/yallist-4.0.0.tgz",
      "integrity": "sha512-3wdGidZyq5PB084XLES5TpOSRA3wjXAlIWMhum2kRcv/41Sn2emQ0dycQW4uZXLejwKvg6EsvbdlVL+FYEct7A==",
      "dev": true
    }
  }
}
